
Microsoft Visual Studio Solution File, Format Version 12.00
Project("{FAE04EC0-301F-11D3-BF4B-00C04F79EFBC}") = "Asimov.API", "Asimov.API\Asimov.API.csproj", "{D16A454D-0BDC-4B86-97A7-2359DB271DEB}"
EndProject
Global
	GlobalSection(SolutionConfigurationPlatforms) = preSolution
		Debug|Any CPU = Debug|Any CPU
		Release|Any CPU = Release|Any CPU
	EndGlobalSection
	GlobalSection(ProjectConfigurationPlatforms) = postSolution
		{D16A454D-0BDC-4B86-97A7-2359DB271DEB}.Debug|Any CPU.ActiveCfg = Debug|Any CPU
		{D16A454D-0BDC-4B86-97A7-2359DB271DEB}.Debug|Any CPU.Build.0 = Debug|Any CPU
		{D16A454D-0BDC-4B86-97A7-2359DB271DEB}.Release|Any CPU.ActiveCfg = Release|Any CPU
		{D16A454D-0BDC-4B86-97A7-2359DB271DEB}.Release|Any CPU.Build.0 = Release|Any CPU
	EndGlobalSection
EndGlobal
