
Microsoft Visual Studio Solution File, Format Version 12.00
Project("{FAE04EC0-301F-11D3-BF4B-00C04F79EFBC}") = "Asimov.API", "Asimov.API\Asimov.API.csproj", "{2A5299A6-F5C6-4828-8AD7-9714970FB23B}"
EndProject
Project("{FAE04EC0-301F-11D3-BF4B-00C04F79EFBC}") = "Asimov.API.Test", "Asimov.API.Test\Asimov.API.Test.csproj", "{1C8DD66C-A8DE-489C-9091-8164748F7409}"
EndProject
Global
	GlobalSection(SolutionConfigurationPlatforms) = preSolution
		Debug|Any CPU = Debug|Any CPU
		Release|Any CPU = Release|Any CPU
	EndGlobalSection
	GlobalSection(ProjectConfigurationPlatforms) = postSolution
		{2A5299A6-F5C6-4828-8AD7-9714970FB23B}.Debug|Any CPU.ActiveCfg = Debug|Any CPU
		{2A5299A6-F5C6-4828-8AD7-9714970FB23B}.Debug|Any CPU.Build.0 = Debug|Any CPU
		{2A5299A6-F5C6-4828-8AD7-9714970FB23B}.Release|Any CPU.ActiveCfg = Release|Any CPU
		{2A5299A6-F5C6-4828-8AD7-9714970FB23B}.Release|Any CPU.Build.0 = Release|Any CPU
		{1C8DD66C-A8DE-489C-9091-8164748F7409}.Debug|Any CPU.ActiveCfg = Debug|Any CPU
		{1C8DD66C-A8DE-489C-9091-8164748F7409}.Debug|Any CPU.Build.0 = Debug|Any CPU
		{1C8DD66C-A8DE-489C-9091-8164748F7409}.Release|Any CPU.ActiveCfg = Release|Any CPU
		{1C8DD66C-A8DE-489C-9091-8164748F7409}.Release|Any CPU.Build.0 = Release|Any CPU
	EndGlobalSection
EndGlobal
